Microsoft Visual Studio Solution File, Format Version 12.00
# Visual Studio Version 17
VisualStudioVersion = 17.0.31903.59
MinimumVisualStudioVersion = 10.0.40219.1
Project("{2150E333-8FDC-42A3-9474-1A3956D46DE8}") = "src", "src", "{827E0CD3-B72D-47B6-A68D-7590B98EB39B}"
EndProject
Project("{FAE04EC0-301F-11D3-BF4B-00C04F79EFBC}") = "Chaos.Host", "src\Chaos.Host\Chaos.Host.csproj", "{0A5C98D0-DD16-4617-A8EE-C271B58C9BA5}"
EndProject
Project("{FAE04EC0-301F-11D3-BF4B-00C04F79EFBC}") = "Chaos.Api", "src\Chaos.Api\Chaos.Api.csproj", "{ED671ABE-2DDA-43E5-8462-F8A3C45D816A}"
EndProject
Project("{FAE04EC0-301F-11D3-BF4B-00C04F79EFBC}") = "Chaos.Host.Supervisor", "src\Chaos.Host.Supervisor\Chaos.Host.Supervisor.csproj", "{3C40193B-B71D-4FBB-9A0E-46945894B352}"
EndProject
Project("{FAE04EC0-301F-11D3-BF4B-00C04F79EFBC}") = "Chaos.Shell.Core", "src\Chaos.Shell.Core\Chaos.Shell.Core.csproj", "{682ABD72-8494-43DF-B067-F7CF761A3EB1}"
EndProject
Project("{FAE04EC0-301F-11D3-BF4B-00C04F79EFBC}") = "Chaos.Shell", "src\Chaos.Shell\Chaos.Shell.csproj", "{D39975C0-B0B5-4431-8377-F2AE164654C4}"
EndProject
Project("{2150E333-8FDC-42A3-9474-1A3956D46DE8}") = "build", "build", "{71FB641B-A86F-4760-896D-C6D8271C98CB}"
	ProjectSection(SolutionItems) = preProject
		Directory.Build.props = Directory.Build.props
		global.json = global.json
		build\build.ps1 = build\build.ps1
		build\Chaos.Docs.targets = build\Chaos.Docs.targets
		build\Chaos.PythonRuntime.targets = build\Chaos.PythonRuntime.targets
		build\python-runtime.ps1 = build\python-runtime.ps1
		build\verify-runtime.ps1 = build\verify-runtime.ps1
	EndProjectSection
EndProject
Project("{FAE04EC0-301F-11D3-BF4B-00C04F79EFBC}") = "Chaos.Runtime", "src\Chaos.Runtime\Chaos.Runtime.csproj", "{CCB67805-1130-4648-8179-01B0B739A189}"
EndProject
Project("{2150E333-8FDC-42A3-9474-1A3956D46DE8}") = "tests", "tests", "{0AB3BF05-4346-4AA6-1389-037BE0695223}"
EndProject
Project("{FAE04EC0-301F-11D3-BF4B-00C04F79EFBC}") = "Chaos.Api.ConformanceHost", "tests\Chaos.Api.ConformanceHost\Chaos.Api.ConformanceHost.csproj", "{FA6A4724-D8FB-457F-9A43-9732BDC97DC1}"
EndProject
Project("{FAE04EC0-301F-11D3-BF4B-00C04F79EFBC}") = "Chaos.Api.Tests", "tests\Chaos.Api.Tests\Chaos.Api.Tests.csproj", "{D0894F6E-CB30-4931-81AD-900619C81824}"
EndProject
Project("{FAE04EC0-301F-11D3-BF4B-00C04F79EFBC}") = "Chaos.Host.Supervisor.Tests", "tests\Chaos.Host.Supervisor.Tests\Chaos.Host.Supervisor.Tests.csproj", "{6C5B6220-817A-4AA2-B6F5-2FAA152DCB85}"
EndProject
Project("{FAE04EC0-301F-11D3-BF4B-00C04F79EFBC}") = "Chaos.Host.Tests", "tests\Chaos.Host.Tests\Chaos.Host.Tests.csproj", "{A7067D29-6C5A-406A-87F1-B270C5E50FA9}"
EndProject
Project("{FAE04EC0-301F-11D3-BF4B-00C04F79EFBC}") = "Chaos.Shell.Core.Tests", "tests\Chaos.Shell.Core.Tests\Chaos.Shell.Core.Tests.csproj", "{350A100E-919B-49A4-8996-370DC139858E}"
EndProject
Global
	GlobalSection(SolutionConfigurationPlatforms) = preSolution
		Debug|Any CPU = Debug|Any CPU
		Debug|ARM64 = Debug|ARM64
		Debug|x64 = Debug|x64
		Debug|x86 = Debug|x86
		Release|Any CPU = Release|Any CPU
		Release|ARM64 = Release|ARM64
		Release|x64 = Release|x64
		Release|x86 = Release|x86
	EndGlobalSection
	GlobalSection(ProjectConfigurationPlatforms) = postSolution
		{0A5C98D0-DD16-4617-A8EE-C271B58C9BA5}.Debug|Any CPU.ActiveCfg = Debug|Any CPU
		{0A5C98D0-DD16-4617-A8EE-C271B58C9BA5}.Debug|Any CPU.Build.0 = Debug|Any CPU
		{0A5C98D0-DD16-4617-A8EE-C271B58C9BA5}.Debug|ARM64.ActiveCfg = Debug|Any CPU
		{0A5C98D0-DD16-4617-A8EE-C271B58C9BA5}.Debug|ARM64.Build.0 = Debug|Any CPU
		{0A5C98D0-DD16-4617-A8EE-C271B58C9BA5}.Debug|x64.ActiveCfg = Debug|Any CPU
		{0A5C98D0-DD16-4617-A8EE-C271B58C9BA5}.Debug|x64.Build.0 = Debug|Any CPU
		{0A5C98D0-DD16-4617-A8EE-C271B58C9BA5}.Debug|x86.ActiveCfg = Debug|Any CPU
		{0A5C98D0-DD16-4617-A8EE-C271B58C9BA5}.Debug|x86.Build.0 = Debug|Any CPU
		{0A5C98D0-DD16-4617-A8EE-C271B58C9BA5}.Release|Any CPU.ActiveCfg = Release|Any CPU
		{0A5C98D0-DD16-4617-A8EE-C271B58C9BA5}.Release|Any CPU.Build.0 = Release|Any CPU
		{0A5C98D0-DD16-4617-A8EE-C271B58C9BA5}.Release|ARM64.ActiveCfg = Release|Any CPU
		{0A5C98D0-DD16-4617-A8EE-C271B58C9BA5}.Release|ARM64.Build.0 = Release|Any CPU
		{0A5C98D0-DD16-4617-A8EE-C271B58C9BA5}.Release|x64.ActiveCfg = Release|Any CPU
		{0A5C98D0-DD16-4617-A8EE-C271B58C9BA5}.Release|x64.Build.0 = Release|Any CPU
		{0A5C98D0-DD16-4617-A8EE-C271B58C9BA5}.Release|x86.ActiveCfg = Release|Any CPU
		{0A5C98D0-DD16-4617-A8EE-C271B58C9BA5}.Release|x86.Build.0 = Release|Any CPU
		{ED671ABE-2DDA-43E5-8462-F8A3C45D816A}.Debug|Any CPU.ActiveCfg = Debug|Any CPU
		{ED671ABE-2DDA-43E5-8462-F8A3C45D816A}.Debug|Any CPU.Build.0 = Debug|Any CPU
		{ED671ABE-2DDA-43E5-8462-F8A3C45D816A}.Debug|ARM64.ActiveCfg = Debug|Any CPU
		{ED671ABE-2DDA-43E5-8462-F8A3C45D816A}.Debug|ARM64.Build.0 = Debug|Any CPU
		{ED671ABE-2DDA-43E5-8462-F8A3C45D816A}.Debug|x64.ActiveCfg = Debug|Any CPU
		{ED671ABE-2DDA-43E5-8462-F8A3C45D816A}.Debug|x64.Build.0 = Debug|Any CPU
		{ED671ABE-2DDA-43E5-8462-F8A3C45D816A}.Debug|x86.ActiveCfg = Debug|Any CPU
		{ED671ABE-2DDA-43E5-8462-F8A3C45D816A}.Debug|x86.Build.0 = Debug|Any CPU
		{ED671ABE-2DDA-43E5-8462-F8A3C45D816A}.Release|Any CPU.ActiveCfg = Release|Any CPU
		{ED671ABE-2DDA-43E5-8462-F8A3C45D816A}.Release|Any CPU.Build.0 = Release|Any CPU
		{ED671ABE-2DDA-43E5-8462-F8A3C45D816A}.Release|ARM64.ActiveCfg = Release|Any CPU
		{ED671ABE-2DDA-43E5-8462-F8A3C45D816A}.Release|ARM64.Build.0 = Release|Any CPU
		{ED671ABE-2DDA-43E5-8462-F8A3C45D816A}.Release|x64.ActiveCfg = Release|Any CPU
		{ED671ABE-2DDA-43E5-8462-F8A3C45D816A}.Release|x64.Build.0 = Release|Any CPU
		{ED671ABE-2DDA-43E5-8462-F8A3C45D816A}.Release|x86.ActiveCfg = Release|Any CPU
		{ED671ABE-2DDA-43E5-8462-F8A3C45D816A}.Release|x86.Build.0 = Release|Any CPU
		{3C40193B-B71D-4FBB-9A0E-46945894B352}.Debug|Any CPU.ActiveCfg = Debug|Any CPU
		{3C40193B-B71D-4FBB-9A0E-46945894B352}.Debug|Any CPU.Build.0 = Debug|Any CPU
		{3C40193B-B71D-4FBB-9A0E-46945894B352}.Debug|ARM64.ActiveCfg = Debug|Any CPU
		{3C40193B-B71D-4FBB-9A0E-46945894B352}.Debug|ARM64.Build.0 = Debug|Any CPU
		{3C40193B-B71D-4FBB-9A0E-46945894B352}.Debug|x64.ActiveCfg = Debug|Any CPU
		{3C40193B-B71D-4FBB-9A0E-46945894B352}.Debug|x64.Build.0 = Debug|Any CPU
		{3C40193B-B71D-4FBB-9A0E-46945894B352}.Debug|x86.ActiveCfg = Debug|Any CPU
		{3C40193B-B71D-4FBB-9A0E-46945894B352}.Debug|x86.Build.0 = Debug|Any CPU
		{3C40193B-B71D-4FBB-9A0E-46945894B352}.Release|Any CPU.ActiveCfg = Release|Any CPU
		{3C40193B-B71D-4FBB-9A0E-46945894B352}.Release|Any CPU.Build.0 = Release|Any CPU
		{3C40193B-B71D-4FBB-9A0E-46945894B352}.Release|ARM64.ActiveCfg = Release|Any CPU
		{3C40193B-B71D-4FBB-9A0E-46945894B352}.Release|ARM64.Build.0 = Release|Any CPU
		{3C40193B-B71D-4FBB-9A0E-46945894B352}.Release|x64.ActiveCfg = Release|Any CPU
		{3C40193B-B71D-4FBB-9A0E-46945894B352}.Release|x64.Build.0 = Release|Any CPU
		{3C40193B-B71D-4FBB-9A0E-46945894B352}.Release|x86.ActiveCfg = Release|Any CPU
		{3C40193B-B71D-4FBB-9A0E-46945894B352}.Release|x86.Build.0 = Release|Any CPU
		{682ABD72-8494-43DF-B067-F7CF761A3EB1}.Debug|Any CPU.ActiveCfg = Debug|Any CPU
		{682ABD72-8494-43DF-B067-F7CF761A3EB1}.Debug|Any CPU.Build.0 = Debug|Any CPU
		{682ABD72-8494-43DF-B067-F7CF761A3EB1}.Debug|ARM64.ActiveCfg = Debug|Any CPU
		{682ABD72-8494-43DF-B067-F7CF761A3EB1}.Debug|ARM64.Build.0 = Debug|Any CPU
		{682ABD72-8494-43DF-B067-F7CF761A3EB1}.Debug|x64.ActiveCfg = Debug|Any CPU
		{682ABD72-8494-43DF-B067-F7CF761A3EB1}.Debug|x64.Build.0 = Debug|Any CPU
		{682ABD72-8494-43DF-B067-F7CF761A3EB1}.Debug|x86.ActiveCfg = Debug|Any CPU
		{682ABD72-8494-43DF-B067-F7CF761A3EB1}.Debug|x86.Build.0 = Debug|Any CPU
		{682ABD72-8494-43DF-B067-F7CF761A3EB1}.Release|Any CPU.ActiveCfg = Release|Any CPU
		{682ABD72-8494-43DF-B067-F7CF761A3EB1}.Release|Any CPU.Build.0 = Release|Any CPU
		{682ABD72-8494-43DF-B067-F7CF761A3EB1}.Release|ARM64.ActiveCfg = Release|Any CPU
		{682ABD72-8494-43DF-B067-F7CF761A3EB1}.Release|ARM64.Build.0 = Release|Any CPU
		{682ABD72-8494-43DF-B067-F7CF761A3EB1}.Release|x64.ActiveCfg = Release|Any CPU
		{682ABD72-8494-43DF-B067-F7CF761A3EB1}.Release|x64.Build.0 = Release|Any CPU
		{682ABD72-8494-43DF-B067-F7CF761A3EB1}.Release|x86.ActiveCfg = Release|Any CPU
		{682ABD72-8494-43DF-B067-F7CF761A3EB1}.Release|x86.Build.0 = Release|Any CPU
		{D39975C0-B0B5-4431-8377-F2AE164654C4}.Debug|Any CPU.ActiveCfg = Debug|x64
		{D39975C0-B0B5-4431-8377-F2AE164654C4}.Debug|Any CPU.Build.0 = Debug|x64
		{D39975C0-B0B5-4431-8377-F2AE164654C4}.Debug|ARM64.ActiveCfg = Debug|ARM64
		{D39975C0-B0B5-4431-8377-F2AE164654C4}.Debug|ARM64.Build.0 = Debug|ARM64
		{D39975C0-B0B5-4431-8377-F2AE164654C4}.Debug|x64.ActiveCfg = Debug|x64
		{D39975C0-B0B5-4431-8377-F2AE164654C4}.Debug|x64.Build.0 = Debug|x64
		{D39975C0-B0B5-4431-8377-F2AE164654C4}.Debug|x86.ActiveCfg = Debug|x86
		{D39975C0-B0B5-4431-8377-F2AE164654C4}.Debug|x86.Build.0 = Debug|x86
		{D39975C0-B0B5-4431-8377-F2AE164654C4}.Release|Any CPU.ActiveCfg = Release|x64
		{D39975C0-B0B5-4431-8377-F2AE164654C4}.Release|Any CPU.Build.0 = Release|x64
		{D39975C0-B0B5-4431-8377-F2AE164654C4}.Release|ARM64.ActiveCfg = Release|ARM64
		{D39975C0-B0B5-4431-8377-F2AE164654C4}.Release|ARM64.Build.0 = Release|ARM64
		{D39975C0-B0B5-4431-8377-F2AE164654C4}.Release|x64.ActiveCfg = Release|x64
		{D39975C0-B0B5-4431-8377-F2AE164654C4}.Release|x64.Build.0 = Release|x64
		{D39975C0-B0B5-4431-8377-F2AE164654C4}.Release|x86.ActiveCfg = Release|x86
		{D39975C0-B0B5-4431-8377-F2AE164654C4}.Release|x86.Build.0 = Release|x86
		{CCB67805-1130-4648-8179-01B0B739A189}.Debug|Any CPU.ActiveCfg = Debug|Any CPU
		{CCB67805-1130-4648-8179-01B0B739A189}.Debug|Any CPU.Build.0 = Debug|Any CPU
		{CCB67805-1130-4648-8179-01B0B739A189}.Debug|ARM64.ActiveCfg = Debug|Any CPU
		{CCB67805-1130-4648-8179-01B0B739A189}.Debug|ARM64.Build.0 = Debug|Any CPU
		{CCB67805-1130-4648-8179-01B0B739A189}.Debug|x64.ActiveCfg = Debug|Any CPU
		{CCB67805-1130-4648-8179-01B0B739A189}.Debug|x64.Build.0 = Debug|Any CPU
		{CCB67805-1130-4648-8179-01B0B739A189}.Debug|x86.ActiveCfg = Debug|Any CPU
		{CCB67805-1130-4648-8179-01B0B739A189}.Debug|x86.Build.0 = Debug|Any CPU
		{CCB67805-1130-4648-8179-01B0B739A189}.Release|Any CPU.ActiveCfg = Release|Any CPU
		{CCB67805-1130-4648-8179-01B0B739A189}.Release|Any CPU.Build.0 = Release|Any CPU
		{CCB67805-1130-4648-8179-01B0B739A189}.Release|ARM64.ActiveCfg = Release|Any CPU
		{CCB67805-1130-4648-8179-01B0B739A189}.Release|ARM64.Build.0 = Release|Any CPU
		{CCB67805-1130-4648-8179-01B0B739A189}.Release|x64.ActiveCfg = Release|Any CPU
		{CCB67805-1130-4648-8179-01B0B739A189}.Release|x64.Build.0 = Release|Any CPU
		{CCB67805-1130-4648-8179-01B0B739A189}.Release|x86.ActiveCfg = Release|Any CPU
		{CCB67805-1130-4648-8179-01B0B739A189}.Release|x86.Build.0 = Release|Any CPU
		{FA6A4724-D8FB-457F-9A43-9732BDC97DC1}.Debug|Any CPU.ActiveCfg = Debug|Any CPU
		{FA6A4724-D8FB-457F-9A43-9732BDC97DC1}.Debug|Any CPU.Build.0 = Debug|Any CPU
		{FA6A4724-D8FB-457F-9A43-9732BDC97DC1}.Debug|ARM64.ActiveCfg = Debug|Any CPU
		{FA6A4724-D8FB-457F-9A43-9732BDC97DC1}.Debug|ARM64.Build.0 = Debug|Any CPU
		{FA6A4724-D8FB-457F-9A43-9732BDC97DC1}.Debug|x64.ActiveCfg = Debug|Any CPU
		{FA6A4724-D8FB-457F-9A43-9732BDC97DC1}.Debug|x64.Build.0 = Debug|Any CPU
		{FA6A4724-D8FB-457F-9A43-9732BDC97DC1}.Debug|x86.ActiveCfg = Debug|Any CPU
		{FA6A4724-D8FB-457F-9A43-9732BDC97DC1}.Debug|x86.Build.0 = Debug|Any CPU
		{FA6A4724-D8FB-457F-9A43-9732BDC97DC1}.Release|Any CPU.ActiveCfg = Release|Any CPU
		{FA6A4724-D8FB-457F-9A43-9732BDC97DC1}.Release|Any CPU.Build.0 = Release|Any CPU
		{FA6A4724-D8FB-457F-9A43-9732BDC97DC1}.Release|ARM64.ActiveCfg = Release|Any CPU
		{FA6A4724-D8FB-457F-9A43-9732BDC97DC1}.Release|ARM64.Build.0 = Release|Any CPU
		{FA6A4724-D8FB-457F-9A43-9732BDC97DC1}.Release|x64.ActiveCfg = Release|Any CPU
		{FA6A4724-D8FB-457F-9A43-9732BDC97DC1}.Release|x64.Build.0 = Release|Any CPU
		{FA6A4724-D8FB-457F-9A43-9732BDC97DC1}.Release|x86.ActiveCfg = Release|Any CPU
		{FA6A4724-D8FB-457F-9A43-9732BDC97DC1}.Release|x86.Build.0 = Release|Any CPU
		{D0894F6E-CB30-4931-81AD-900619C81824}.Debug|Any CPU.ActiveCfg = Debug|Any CPU
		{D0894F6E-CB30-4931-81AD-900619C81824}.Debug|Any CPU.Build.0 = Debug|Any CPU
		{D0894F6E-CB30-4931-81AD-900619C81824}.Debug|ARM64.ActiveCfg = Debug|Any CPU
		{D0894F6E-CB30-4931-81AD-900619C81824}.Debug|ARM64.Build.0 = Debug|Any CPU
		{D0894F6E-CB30-4931-81AD-900619C81824}.Debug|x64.ActiveCfg = Debug|Any CPU
		{D0894F6E-CB30-4931-81AD-900619C81824}.Debug|x64.Build.0 = Debug|Any CPU
		{D0894F6E-CB30-4931-81AD-900619C81824}.Debug|x86.ActiveCfg = Debug|Any CPU
		{D0894F6E-CB30-4931-81AD-900619C81824}.Debug|x86.Build.0 = Debug|Any CPU
		{D0894F6E-CB30-4931-81AD-900619C81824}.Release|Any CPU.ActiveCfg = Release|Any CPU
		{D0894F6E-CB30-4931-81AD-900619C81824}.Release|Any CPU.Build.0 = Release|Any CPU
		{D0894F6E-CB30-4931-81AD-900619C81824}.Release|ARM64.ActiveCfg = Release|Any CPU
		{D0894F6E-CB30-4931-81AD-900619C81824}.Release|ARM64.Build.0 = Release|Any CPU
		{D0894F6E-CB30-4931-81AD-900619C81824}.Release|x64.ActiveCfg = Release|Any CPU
		{D0894F6E-CB30-4931-81AD-900619C81824}.Release|x64.Build.0 = Release|Any CPU
		{D0894F6E-CB30-4931-81AD-900619C81824}.Release|x86.ActiveCfg = Release|Any CPU
		{D0894F6E-CB30-4931-81AD-900619C81824}.Release|x86.Build.0 = Release|Any CPU
		{6C5B6220-817A-4AA2-B6F5-2FAA152DCB85}.Debug|Any CPU.ActiveCfg = Debug|Any CPU
		{6C5B6220-817A-4AA2-B6F5-2FAA152DCB85}.Debug|Any CPU.Build.0 = Debug|Any CPU
		{6C5B6220-817A-4AA2-B6F5-2FAA152DCB85}.Debug|ARM64.ActiveCfg = Debug|Any CPU
		{6C5B6220-817A-4AA2-B6F5-2FAA152DCB85}.Debug|ARM64.Build.0 = Debug|Any CPU
		{6C5B6220-817A-4AA2-B6F5-2FAA152DCB85}.Debug|x64.ActiveCfg = Debug|Any CPU
		{6C5B6220-817A-4AA2-B6F5-2FAA152DCB85}.Debug|x64.Build.0 = Debug|Any CPU
		{6C5B6220-817A-4AA2-B6F5-2FAA152DCB85}.Debug|x86.ActiveCfg = Debug|Any CPU
		{6C5B6220-817A-4AA2-B6F5-2FAA152DCB85}.Debug|x86.Build.0 = Debug|Any CPU
		{6C5B6220-817A-4AA2-B6F5-2FAA152DCB85}.Release|Any CPU.ActiveCfg = Release|Any CPU
		{6C5B6220-817A-4AA2-B6F5-2FAA152DCB85}.Release|Any CPU.Build.0 = Release|Any CPU
		{6C5B6220-817A-4AA2-B6F5-2FAA152DCB85}.Release|ARM64.ActiveCfg = Release|Any CPU
		{6C5B6220-817A-4AA2-B6F5-2FAA152DCB85}.Release|ARM64.Build.0 = Release|Any CPU
		{6C5B6220-817A-4AA2-B6F5-2FAA152DCB85}.Release|x64.ActiveCfg = Release|Any CPU
		{6C5B6220-817A-4AA2-B6F5-2FAA152DCB85}.Release|x64.Build.0 = Release|Any CPU
		{6C5B6220-817A-4AA2-B6F5-2FAA152DCB85}.Release|x86.ActiveCfg = Release|Any CPU
		{6C5B6220-817A-4AA2-B6F5-2FAA152DCB85}.Release|x86.Build.0 = Release|Any CPU
		{A7067D29-6C5A-406A-87F1-B270C5E50FA9}.Debug|Any CPU.ActiveCfg = Debug|Any CPU
		{A7067D29-6C5A-406A-87F1-B270C5E50FA9}.Debug|Any CPU.Build.0 = Debug|Any CPU
		{A7067D29-6C5A-406A-87F1-B270C5E50FA9}.Debug|ARM64.ActiveCfg = Debug|Any CPU
		{A7067D29-6C5A-406A-87F1-B270C5E50FA9}.Debug|ARM64.Build.0 = Debug|Any CPU
		{A7067D29-6C5A-406A-87F1-B270C5E50FA9}.Debug|x64.ActiveCfg = Debug|Any CPU
		{A7067D29-6C5A-406A-87F1-B270C5E50FA9}.Debug|x64.Build.0 = Debug|Any CPU
		{A7067D29-6C5A-406A-87F1-B270C5E50FA9}.Debug|x86.ActiveCfg = Debug|Any CPU
		{A7067D29-6C5A-406A-87F1-B270C5E50FA9}.Debug|x86.Build.0 = Debug|Any CPU
		{A7067D29-6C5A-406A-87F1-B270C5E50FA9}.Release|Any CPU.ActiveCfg = Release|Any CPU
		{A7067D29-6C5A-406A-87F1-B270C5E50FA9}.Release|Any CPU.Build.0 = Release|Any CPU
		{A7067D29-6C5A-406A-87F1-B270C5E50FA9}.Release|ARM64.ActiveCfg = Release|Any CPU
		{A7067D29-6C5A-406A-87F1-B270C5E50FA9}.Release|ARM64.Build.0 = Release|Any CPU
		{A7067D29-6C5A-406A-87F1-B270C5E50FA9}.Release|x64.ActiveCfg = Release|Any CPU
		{A7067D29-6C5A-406A-87F1-B270C5E50FA9}.Release|x64.Build.0 = Release|Any CPU
		{A7067D29-6C5A-406A-87F1-B270C5E50FA9}.Release|x86.ActiveCfg = Release|Any CPU
		{A7067D29-6C5A-406A-87F1-B270C5E50FA9}.Release|x86.Build.0 = Release|Any CPU
		{350A100E-919B-49A4-8996-370DC139858E}.Debug|Any CPU.ActiveCfg = Debug|Any CPU
		{350A100E-919B-49A4-8996-370DC139858E}.Debug|Any CPU.Build.0 = Debug|Any CPU
		{350A100E-919B-49A4-8996-370DC139858E}.Debug|ARM64.ActiveCfg = Debug|Any CPU
		{350A100E-919B-49A4-8996-370DC139858E}.Debug|ARM64.Build.0 = Debug|Any CPU
		{350A100E-919B-49A4-8996-370DC139858E}.Debug|x64.ActiveCfg = Debug|Any CPU
		{350A100E-919B-49A4-8996-370DC139858E}.Debug|x64.Build.0 = Debug|Any CPU
		{350A100E-919B-49A4-8996-370DC139858E}.Debug|x86.ActiveCfg = Debug|Any CPU
		{350A100E-919B-49A4-8996-370DC139858E}.Debug|x86.Build.0 = Debug|Any CPU
		{350A100E-919B-49A4-8996-370DC139858E}.Release|Any CPU.ActiveCfg = Release|Any CPU
		{350A100E-919B-49A4-8996-370DC139858E}.Release|Any CPU.Build.0 = Release|Any CPU
		{350A100E-919B-49A4-8996-370DC139858E}.Release|ARM64.ActiveCfg = Release|Any CPU
		{350A100E-919B-49A4-8996-370DC139858E}.Release|ARM64.Build.0 = Release|Any CPU
		{350A100E-919B-49A4-8996-370DC139858E}.Release|x64.ActiveCfg = Release|Any CPU
		{350A100E-919B-49A4-8996-370DC139858E}.Release|x64.Build.0 = Release|Any CPU
		{350A100E-919B-49A4-8996-370DC139858E}.Release|x86.ActiveCfg = Release|Any CPU
		{350A100E-919B-49A4-8996-370DC139858E}.Release|x86.Build.0 = Release|Any CPU
	EndGlobalSection
	GlobalSection(SolutionProperties) = preSolution
		HideSolutionNode = FALSE
	EndGlobalSection
	GlobalSection(NestedProjects) = preSolution
		{0A5C98D0-DD16-4617-A8EE-C271B58C9BA5} = {827E0CD3-B72D-47B6-A68D-7590B98EB39B}
		{ED671ABE-2DDA-43E5-8462-F8A3C45D816A} = {827E0CD3-B72D-47B6-A68D-7590B98EB39B}
		{3C40193B-B71D-4FBB-9A0E-46945894B352} = {827E0CD3-B72D-47B6-A68D-7590B98EB39B}
		{682ABD72-8494-43DF-B067-F7CF761A3EB1} = {827E0CD3-B72D-47B6-A68D-7590B98EB39B}
		{D39975C0-B0B5-4431-8377-F2AE164654C4} = {827E0CD3-B72D-47B6-A68D-7590B98EB39B}
		{CCB67805-1130-4648-8179-01B0B739A189} = {71FB641B-A86F-4760-896D-C6D8271C98CB}
		{FA6A4724-D8FB-457F-9A43-9732BDC97DC1} = {0AB3BF05-4346-4AA6-1389-037BE0695223}
		{D0894F6E-CB30-4931-81AD-900619C81824} = {0AB3BF05-4346-4AA6-1389-037BE0695223}
		{6C5B6220-817A-4AA2-B6F5-2FAA152DCB85} = {0AB3BF05-4346-4AA6-1389-037BE0695223}
		{A7067D29-6C5A-406A-87F1-B270C5E50FA9} = {0AB3BF05-4346-4AA6-1389-037BE0695223}
		{350A100E-919B-49A4-8996-370DC139858E} = {0AB3BF05-4346-4AA6-1389-037BE0695223}
	EndGlobalSection
EndGlobal
